
Microsoft Visual Studio Solution File, Format Version 12.00
# Visual Studio Version 17
VisualStudioVersion = 17.14.36518.9
MinimumVisualStudioVersion = 10.0.40219.1
Project("{FAE04EC0-301F-11D3-BF4B-00C04F79EFBC}") = "PL", "PL\PL.csproj", "{769CFD15-7C2D-4213-810F-3DD3CA34B86F}"
EndProject
Project("{FAE04EC0-301F-11D3-BF4B-00C04F79EFBC}") = "BL", "BL\BL.csproj", "{5B25B173-16B6-41EE-A5AB-DB5F74FD6146}"
EndProject
Project("{FAE04EC0-301F-11D3-BF4B-00C04F79EFBC}") = "DAL", "DAL\DAL.csproj", "{5602775D-6F66-4475-923A-408EA9281927}"
EndProject
Project("{FAE04EC0-301F-11D3-BF4B-00C04F79EFBC}") = "Models", "Models\Models.csproj", "{9F263F06-5D79-4F3F-8588-8C1B806578AF}"
EndProject
Global
	GlobalSection(SolutionConfigurationPlatforms) = preSolution
		Debug|Any CPU = Debug|Any CPU
		Release|Any CPU = Release|Any CPU
	EndGlobalSection
	GlobalSection(ProjectConfigurationPlatforms) = postSolution
		{769CFD15-7C2D-4213-810F-3DD3CA34B86F}.Debug|Any CPU.ActiveCfg = Debug|Any CPU
		{769CFD15-7C2D-4213-810F-3DD3CA34B86F}.Debug|Any CPU.Build.0 = Debug|Any CPU
		{769CFD15-7C2D-4213-810F-3DD3CA34B86F}.Release|Any CPU.ActiveCfg = Release|Any CPU
		{769CFD15-7C2D-4213-810F-3DD3CA34B86F}.Release|Any CPU.Build.0 = Release|Any CPU
		{5B25B173-16B6-41EE-A5AB-DB5F74FD6146}.Debug|Any CPU.ActiveCfg = Debug|Any CPU
		{5B25B173-16B6-41EE-A5AB-DB5F74FD6146}.Debug|Any CPU.Build.0 = Debug|Any CPU
		{5B25B173-16B6-41EE-A5AB-DB5F74FD6146}.Release|Any CPU.ActiveCfg = Release|Any CPU
		{5B25B173-16B6-41EE-A5AB-DB5F74FD6146}.Release|Any CPU.Build.0 = Release|Any CPU
		{5602775D-6F66-4475-923A-408EA9281927}.Debug|Any CPU.ActiveCfg = Debug|Any CPU
		{5602775D-6F66-4475-923A-408EA9281927}.Debug|Any CPU.Build.0 = Debug|Any CPU
		{5602775D-6F66-4475-923A-408EA9281927}.Release|Any CPU.ActiveCfg = Release|Any CPU
		{5602775D-6F66-4475-923A-408EA9281927}.Release|Any CPU.Build.0 = Release|Any CPU
		{9F263F06-5D79-4F3F-8588-8C1B806578AF}.Debug|Any CPU.ActiveCfg = Debug|Any CPU
		{9F263F06-5D79-4F3F-8588-8C1B806578AF}.Debug|Any CPU.Build.0 = Debug|Any CPU
		{9F263F06-5D79-4F3F-8588-8C1B806578AF}.Release|Any CPU.ActiveCfg = Release|Any CPU
		{9F263F06-5D79-4F3F-8588-8C1B806578AF}.Release|Any CPU.Build.0 = Release|Any CPU
	EndGlobalSection
	GlobalSection(SolutionProperties) = preSolution
		HideSolutionNode = FALSE
	EndGlobalSection
	GlobalSection(ExtensibilityGlobals) = postSolution
		SolutionGuid = {76A0FD41-7B5E-42AB-A8CD-C3A61A521942}
	EndGlobalSection
EndGlobal
